
Microsoft Visual Studio Solution File, Format Version 12.00
# Visual Studio Version 17
VisualStudioVersion = 17.6.33815.320
MinimumVisualStudioVersion = 10.0.40219.1
Project("{FAE04EC0-301F-11D3-BF4B-00C04F79EFBC}") = "Censor", "Censor.csproj", "{36204E71-4CB7-401C-9398-FA031F00FFD7}"
EndProject
Global
	GlobalSection(SolutionConfigurationPlatforms) = preSolution
		Debug|Any CPU = Debug|Any CPU
		Release|Any CPU = Release|Any CPU
	EndGlobalSection
	GlobalSection(ProjectConfigurationPlatforms) = postSolution
		{36204E71-4CB7-401C-9398-FA031F00FFD7}.Debug|Any CPU.ActiveCfg = Debug|Any CPU
		{36204E71-4CB7-401C-9398-FA031F00FFD7}.Debug|Any CPU.Build.0 = Debug|Any CPU
		{36204E71-4CB7-401C-9398-FA031F00FFD7}.Release|Any CPU.ActiveCfg = Release|Any CPU
		{36204E71-4CB7-401C-9398-FA031F00FFD7}.Release|Any CPU.Build.0 = Release|Any CPU
	EndGlobalSection
	GlobalSection(SolutionProperties) = preSolution
		HideSolutionNode = FALSE
	EndGlobalSection
	GlobalSection(ExtensibilityGlobals) = postSolution
		SolutionGuid = {60C02982-8028-437C-B647-CD026DF91DCD}
	EndGlobalSection
EndGlobal
